version: 1
checksums:
  6b68028c2d800620b89a16091bf5b5eb:
    meta/title: a01f65a9555cdf649e1e7c68f1376336
    meta/description: 11e4a2a7437ff535d3c97699df834ffd
    content/0: ae796e76bc921637c652d60a86a155b6
    content/1: c73a42fd975c892f6ba3824410d23fea
    content/2: 5e3a51c0b401ad1d6ab7cb8ac66c34f6
    content/3: 278c8ff892f265e3e925879c7aa762a2
    content/4: aa63e17cd5e90cd9dd46e4d82834af75
    content/5: bc890ff089978673a908608bdb69ccc5
    content/6: 2a2518a6b81e50ec206d5e6c9d83c4eb
    content/7: 8cac9c652157d93d8751507cb7f575fd
    content/8: 58d14a9dcce8bac0be20992efc88cc33
    content/9: ad485bb972aba86bdf2d81bafe633136
    content/10: f170dbc5ca49cbf3af377eb0d56d93c7
    content/11: 554e84df7407f4096daa236dbe39c03f
    content/12: c19c26c97a79cf84c80728835d5efa47
    content/13: d2a00c9618fd306b5aff0d2656736c09
    content/14: ad485bb972aba86bdf2d81bafe633136
    content/15: d71e4a4bf6af9d14ee63f9a73cc2382b
    content/16: 040aabb765e0cf86a7f12fe8f11bd0f7
  170bcb1962c53f1d229ad1af6d631a9f:
    meta/title: 30c54e4dc4ce599b87d94be34a8617f5
    meta/description: 322e9f552298c57275ac4cba8c6f2602
    content/0: 137b345f4045befc48913ef0106e1ce7
    content/1: 59a00cfa5ff094f56e3afcf8f63252f9
    content/2: 278c8ff892f265e3e925879c7aa762a2
    content/3: fde5b2aee8f324f29e5e430c859d6a56
    content/4: e27db6169355da4fb3fc17f028f78eed
    content/5: 2a2518a6b81e50ec206d5e6c9d83c4eb
    content/6: 5d88ce386e832c4370d051cf88090b6f
    content/7: 83c6afaa9206ccfd44f5af5bf5acf816
    content/8: 40774695e6e42e21325da2f6cc9da1c3
    content/9: 01023d942aa0a59914500be04cebccc9
    content/10: fcb6b8cd5906021676340f044beef359
    content/11: c837d5374b0e8870d1fb3a410f4ee857
    content/12: c32ac56a30afec881838423528fd3113
    content/13: e2b612d03d6c73c90fa344b1a85b78c5
    content/14: 040aabb765e0cf86a7f12fe8f11bd0f7
    content/15: 4008872b28d95e2868d70f4d244e4107
    content/16: 79d9fa5887df72c841932c6b0e58e5a1
    content/17: 9ecc6a77042af18f08bc1634f55397bf
    content/18: a49c2e1318a0d40b3f40bae87d9d7784
    content/19: b996d4ab244ba44991bfaa8761f8ce94
    content/20: 0fe1724e042cebc54e8c35d00d3b2f88
    content/21: dd17dd438862fff6a960804195c2666f
    content/22: e463347e8191862251b23d3727bdfc02
    content/23: 562719d279c15d695de9582a362de6e4
    content/24: c9a45cf33c135595d41b647842eea38e
    content/25: 9fa63c41563d86528e9c7bca62d9e812
    content/26: d8d7c179b9619a340253b8e117f23211
    content/27: 0fe1724e042cebc54e8c35d00d3b2f88
    content/28: 73e20d8c47c20cc61645d3ea4b5ef2f3
    content/29: 14ff8765676193197ac363a3eb2ce12d
    content/30: 450ad7f99b79b12599856f813b9ef758
    content/31: 88b3b7813e1fb3fc41880d4d60a6d52b
    content/32: c9a45cf33c135595d41b647842eea38e
    content/33: 3d722f911bd83268f2ee8ddcfabba61d
    content/34: 5f5e21749e0cc48255e16adf9a4326f0
    content/35: 0e3d8e1459cafe928b42ac86e6c8655d
    content/36: e7c9e20669db240559e5b3b2150e670e
    content/37: 6dab0988f4a0e8bc179d8e977f9cfe91
    content/38: d649f76e697493ef19b61a55f8594608
    content/39: 450ad7f99b79b12599856f813b9ef758
    content/40: 1c049e1ff119c9785c6395f7c1e7cd8e
    content/41: cbf3bff1e86cb5662c5736293ffbc2eb
    content/42: c9a45cf33c135595d41b647842eea38e
    content/43: 4367e271ccc94fd06215b225607b504d
    content/44: 941c11534baf2569082399ec2d2a234d
    content/45: 0fe1724e042cebc54e8c35d00d3b2f88
    content/46: 99d840f62dcc9bcb4d59e46661fb91fc
    content/47: 84177dfc2541b6c3e919dcde763ff0b6
    content/48: 33d409dc006682268391cdbf57e70ee1
    content/49: a5377397713a026ee7ea3b7077586f78
    content/50: 12ddc92278ca14e0ae33150caa2d615c
    content/51: b6810c626e2cb0275025c4101d9697ab
    content/52: c9a45cf33c135595d41b647842eea38e
    content/53: 5c04968173197c64fce13a8608edbdb3
    content/54: e954721d28bcf4ce81a7a9a9f41bb3f9
    content/55: 0fe1724e042cebc54e8c35d00d3b2f88
    content/56: b8d38a988957ecc692ffb8d9a5137aed
    content/57: 86b78fa36d4b343c73ba6700a000ec1f
    content/58: c096ff1233fbf70fa8c747d382128db8
    content/59: 040aabb765e0cf86a7f12fe8f11bd0f7
    content/60: 96d529c052f6a30933302d27d2f027fe
    content/61: 0b27705980a728382773118d857b76a5
    content/62: ab09d741330f2ec676f611ce5763baf8
    content/63: 9fa6f20fc138cf4f3077e6bf63703e5c
    content/64: b7170c160a15dee5725799712bab09cc
    content/65: 3642d9c15fa8c11df518b3256fbaecbb
    content/66: 74143a4a11f128be3cf117f9908b632b
    content/67: dad3108b4e73ee4ca9c89eba56c3d08e
    content/68: 040aabb765e0cf86a7f12fe8f11bd0f7
    content/69: c2cef2688104adaf6641092f43d4969a
    content/70: ed1f1bb32a39f9aba5ba482bbabee72e
    content/71: 29e5f704facc88ae6d29604dd69d021e
    content/72: 99c926dab8b26b8de752bb99b478aed2
  f1cd71cf5e3dfb273f1aceb6f6d06a8d:
    meta/title: 599da3eacb505abff72d76cc994cc44b
    meta/description: d1cd6802774301e915649a17471418c8
    content/0: d808c7a1417fbb7e6ac05c40f318befe
    content/1: 0277b93fbc672270dff4a1b936f77e7f
    content/2: 2bdd05a7e02a0b6d2d3ac428a0d42442
    content/3: b6957aa503ae89f4c7236240eaaea420
    content/4: 1fede50b3bb9b4c66cec4e38d794d3d7
    content/5: fcf1df3904f8e1ada239cf4b6f88dbdc
    content/6: f2563f6905d371fbfae47383998b4aba
    content/7: 7b314eeeebce61e4f3d23e14e578b540
    content/8: 278c8ff892f265e3e925879c7aa762a2
    content/9: 1e9a943f83397204ae518d161adb793e
    content/10: 8ea0c5b834f32361d38bce0db04a6603
    content/11: 5700da383d507a37266052ce51ecc5a3
    content/12: 2a2518a6b81e50ec206d5e6c9d83c4eb
    content/13: b35b18a105a51f1fc3cdcc14e01753aa
    content/14: 1525d9c67585682074f1891f49cf0906
    content/15: 9a7c9a402dd0b957fef68a95206ef26a
    content/16: e394fc85f74651341ab3ff314fee498e
    content/17: 663a670627d2956885aadf175f80afb5
    content/18: 278c8ff892f265e3e925879c7aa762a2
    content/19: 4047677b926dfff48ff78bed0419d314
    content/20: ba7500cb50680566471e24348e2f9632
    content/21: 2a2518a6b81e50ec206d5e6c9d83c4eb
    content/22: b35b18a105a51f1fc3cdcc14e01753aa
    content/23: bdf6c01237f991e459cf66e60ef87c52
    content/24: f1b4daec3d593dd83a693d50e61872f1
    content/25: a5d8fcbf8dc6405565348e87c0730856
    content/26: 2e432502391cf1f42fe3c1a403fdc631
    content/27: 278c8ff892f265e3e925879c7aa762a2
    content/28: efffa510410e81e69734f63e553624e8
    content/29: 8ea0c5b834f32361d38bce0db04a6603
    content/30: e0307b295c2159113dea35f0820dce0e
    content/31: 2a2518a6b81e50ec206d5e6c9d83c4eb
    content/32: ef7f3e10a996e6953314dd70a1a363ea
    content/33: dc10cedfbe7e7024cf91da072f32af17
    content/34: 6ba15f2c920567b5a186214bfb7eae7d
    content/35: 3a834b459000a4da5ff28ac29a774574
    content/36: dd06826a3aa58cf60b102aff2c863ad8
    content/37: 4d1d37673d30962ecaebfaba2c793ad0
    content/38: 106e880458cc1285c0a0e2a1886ada4e
  6eb85ca499b0c0b0522102af750bc74c:
    meta/title: bfd559b1c22d1375034dc61dbcb48eda
    meta/description: cb0ff6a2efd697490512282e613b7ad9
    content/0: 644b673d70d2551929887d32e57e8764
    content/1: 4fe17db4a07e3125e4d1a4b8946f6e72
    content/2: 278c8ff892f265e3e925879c7aa762a2
    content/3: 0bcd7c78425266339f9dbb98cfdbb527
    content/4: 2a2518a6b81e50ec206d5e6c9d83c4eb
    content/5: b0a4bb90397c428aa2e82da0ab3af52f
    content/6: 278c8ff892f265e3e925879c7aa762a2
    content/7: 04828e1e6a601381733872ade75e4dc6
    content/8: 2a2518a6b81e50ec206d5e6c9d83c4eb
    content/9: dbe20bde813b9fb6713f16cf8384df2d
    content/10: 278c8ff892f265e3e925879c7aa762a2
    content/11: 974f617f202c3ddc7dd26b46daf8a72a
    content/12: 2a2518a6b81e50ec206d5e6c9d83c4eb
    content/13: ad485bb972aba86bdf2d81bafe633136
    content/14: 97d773c1066aa2140fa9e412e8c4a97f
  a0c3187d3dbe2a704e96ae9430b7c4fc:
    meta/title: ba4097b9289c1b1017a35583586ea802
    meta/description: b8a7d2a564ad218d5e35567ef989881b
    content/0: da8bfacc70fd1ef68ff32cb33b4e9d32
    content/1: 5fd8d332e0e1e36a46caec7b9cc9bcb1
    content/2: c05bd110c6e09e83ab516b31106c0d62
    content/3: 201175cfd4153faa3cf8d21b02a2b469
    content/4: 51adf33450cab2ef392e93147386647c
    content/5: 085c3757dae5bc92bb59a9aef5964a91
    content/6: 98d2a1080180be45d5f1afe2615f1614
    content/7: 29077591f252d0b9c21de3efee3b73ea
    content/8: 8046e21607b6195195ca15f2dfae47aa
    content/9: 8b479aa8558b0ad6a2a01091d6c0f6cf
    content/10: 05f32aa48a433389f68d52ca1111f862
    content/11: d67acfb96677cf349756aa4f9a0e4733
    content/12: f6f25a40de7f9119814201001a485df4
    content/13: ae1583209246ca29b7ee8a902d59b36d
    content/14: ddef6ece9ede604e6eb1654d22b82074
    content/15: 047568c66c257b2f6462a47a8184f016
    content/16: 91a284aa71596e36829e5db6a4605b38
    content/17: b95fb5705c680c1a0d60028ded4a803d
    content/18: 51adf33450cab2ef392e93147386647c
    content/19: a7ebe6666ae9cfe662c0305bd66c7832
  038461b3f6959de75621534e0543daf9:
    meta/title: 0b3efc3c6b63248e6d863770fa8a6cba
    meta/description: b0b45b0da7e36569b7d4a259eb523706
    content/0: 9caa9934ecb63b1269128fe16ea0a65a
    content/1: 4a4208fe112067b2ece1cb679c74c66d
    content/2: 3df587c5cff1d812c75dda56e9a6f8f6
    content/3: 60667fdbf3569d5fea0da254fb6a2392
    content/4: aadf27037f8a0722aa4afd11729a3a45
    content/5: 4644b44f31393f3028e5e759e0c62e92
    content/6: ba277d8275d4f0457ae983c32c6dede3
    content/7: a7db7c944653f4ef72963eed053a8a9f
    content/8: 278c8ff892f265e3e925879c7aa762a2
    content/9: d02030f8bc225c942ecfd92d11b44f9d
    content/10: 8b8bec839918305ab006832b40bed37c
    content/11: 9864a20e64f73ed15e6f1e1fc7c07e73
    content/12: 2a2518a6b81e50ec206d5e6c9d83c4eb
    content/13: fa983e03b7bac3e9459d50e13a8ef2ad
    content/14: 9f966c8fac47d0306bf3b50d7a5d0eb8
    content/15: 0797a85061f2e74b04907b0aec62c2fb
    content/16: 9cf767d43e57447a91a395e80fc63b7b
    content/17: 11b5893bbe131068d4b3b767af71f267
    content/18: 9f966c8fac47d0306bf3b50d7a5d0eb8
    content/19: dd89bbe69248b0bdd95094e297037869
    content/20: 68adb7fbb316b4aafe293971551174b7
  16c62271d09e154165ec848e9ce42fa8:
    meta/title: 1020e41194b5dd89741e89f9087812d1
    meta/description: ca809500d42736313267fa8bece9241f
    content/0: 3e0be2c3739ddfcf19b5e41fd7c86e09
    content/1: 0dd57d7dfd5c901e344eb4d0e3ba763e
    content/2: 5b5c3f575f163de1e0752086cf785cb9
    content/3: b2ce6949e660f3b27396e633ebbd7192
    content/4: 4cc0560b678f3fde329cddfc753d5a5a
    content/5: 02f7bb9c3183a6323c61c45610036c63
    content/6: 7225dcc374a733f503d5ba82571324e4
    content/7: 6e4d0859111a430afc1e59c9446157b9
    content/8: b942614d78808cd6762e7cc65d211738
    content/9: b7b34a75d972b9e8751a430a851c53f1
    content/10: c5a8a6ee281f8c132ee6bf5d6b6165b1
    content/11: b9346322932adddc9e367bb29b66875e
    content/12: d7219d727ee21e3be51a83f1a84c425a
    content/13: 434f47fee01d5fbcd59d68a299922dfe
    content/14: 388ee81c1b5b74e4890fbbbb11f19b74
    content/15: 0bdc4fddc9bcc37740655e4bb99329f6
    content/16: c50721300d0bd1697440249a8dd5e5d0
    content/17: 4a129cdea68b12e439d365d864148bc4
    content/18: acec382e4d50749af72ee8dfc4908627
    content/19: aada57b240c64eeb134acfcd5f8bd186
    content/20: 951e5da2e3d1ea94f76906140bdc7b6d
    content/21: 75da204ecb1623f25912fc7038d82673
    content/22: c6a7d9290c319dfbe0dd3af18c34db79
    content/23: cd8ec67cc40df4ba851363aa60ca9208
    content/24: 5a1a1834c8f05d7d060df7026ec24a6b
    content/25: eb2c538c0fa6cd42f64c9634875f61ee
    content/26: d5beb35ede7189332d4f51f829bd7de5
    content/27: d9a084b44d0802a04ff881a4b27251f7
    content/28: 75f78fd0753a97389d4429957c0231eb
  2e92dc098ad58ae91238fecde02263ff:
    meta/title: ab5642626cf0d67bc6539d32a76248ca
    meta/description: c748b89d8e9ac16a0bf337a23478569e
    content/0: 17e850308e5448c9aa204333101e538a
    content/1: 1c9ceb9884bbecf066108cd3b43012e1
    content/2: 2425c6f092a9594606ce2fa52a8773f0
    content/3: f24f44ca6d9d56fc02d21bae5d2309d4
    content/4: 9b927392d4ce8f85685f0b8979ae582e
    content/5: d32db72c0395408e19c30d4db11bee28
    content/6: 30c035aff7821920b1ce43459d515551
    content/7: f564c98e9d0f56a87f38b3abf379a016
    content/8: 040aabb765e0cf86a7f12fe8f11bd0f7
    content/9: d8df1c5e14ca5a31ca98196a8aa342f0
    content/10: 2ea9b43f06b14a594a19cf49991a3638
    content/11: ff44db3be00cdbcf72543110b833407b
    content/12: 2365dac05160c2093e213b70e4338373
    content/13: 040aabb765e0cf86a7f12fe8f11bd0f7
    content/14: fc2579a044feed72ef9c561dd38bd5e4
    content/15: 30a7cb4c763881b700fe0fe3f379c928
    content/16: 3ef454c515a9defc286f5e05acae1c9f
    content/17: aaa7c2605d4dc0c72cf84ea1410b0e81
    content/18: 040aabb765e0cf86a7f12fe8f11bd0f7
    content/19: fc471e04535a0c6afdff14b02793c660
    content/20: 4c654eb38ccc1610d898ef1486483246
  ad7157ca827b38b333ec3aa3c289da32:
    meta/title: 0ccce343287704cd90150c32e2fcad36
    meta/description: 46a441f28cfe490c5d11244837b6b3fd
    content/0: 742a30a163e6494a2c6ce45e456d405e
    content/1: 5f29025828536136ed981da8235e7687
    content/2: dd01faf1c8f51297584f6d3944edc970
    content/3: d0b38dd9862f705688c40aadef7f7065
    content/4: a6379cd993e08f081cee12c7bb7d8213
    content/5: 22fcae797b51c7612b786fa4e8ad1d69
    content/6: f1e1ccc696ea934f50d851f9cb9630a3
    content/7: 722f4ef0985d43b0deeea213bd8b08c9
    content/8: 379ce827b4a198d30bdbbb3a38a563c0
    content/9: 12dcdf282b3a8fddefa60844960e9a40
    content/10: 943b62a849597b4d0bb1fdd19b0e528c
    content/11: 05f627658160045f5abfa3748e83b5de
    content/12: cac21bee802ed177d6bfa13d42415127
    content/13: f180a48f92ceacf4d9b7824622058ae0
    content/14: 1c9c45eac0d791c84927f116a8621626
    content/15: e01fd02a061df8fc92e2e56fbb0ec21c
    content/16: 97ff53538047b5b3fdfda84aa0494c8d
    content/17: 06927b2fd06fdc8b24fb335d21fedc97
    content/18: 0de202bf53878782d16508425a2e9dd5
    content/19: 2149bb81773abc05b64c80578cb20c86
    content/20: d281b8957a5e57ad09fe1de404e39a77
    content/21: c00ff1338f69145dc5072989cbfbf528
    content/22: 947cb57001d4f6d536df6f36e198f6a3
    content/23: c81641bf7ef781bf6539306926116c3d
    content/24: 52d764de5f61e22f26e9045e85aace7d
    content/25: e4f459f98a6ac6f0c32c247cc36ffc57
    content/26: 3853d815df7925c17edf4fc943bbcd0f
    content/27: 6eaa477d64a1738828c5f63365dec313
    content/28: c6b85d65ebafe979854edeade4d4871b
    content/29: cc55ae8c77fd3ab4d27d4a4989959b96
    content/30: b2c84220ea5490e3fdf03996c8223f03
    content/31: da305cbc10ebc7d2b82731e1e8543b62
    content/32: 7001e603b9c1fd8bc7079800233070de
    content/33: d48f7e5fba2e74f472de49f79c426fb8
    content/34: 5c63b98bb0b3932e790b645a51389a23
    content/35: 278c8ff892f265e3e925879c7aa762a2
    content/36: 369e50d3440771ff60f180c87cd76f10
    content/37: 2a2518a6b81e50ec206d5e6c9d83c4eb
    content/38: 4e9fdb92dcc41896682e9687c61d9a0c
    content/39: 26d705e23b85f597873b57c59f4b5e8b
    content/40: 7792adcd692258381261212d24a0bf3d
    content/41: f66eaccc0f524d8db61e36e9145d0a19
    content/42: 787507561071b65b2cd5eb5aa4bd9c11
    content/43: 8c3b0081902ad166471051d0f9434eae
    content/44: ed22b6cb575c236d273905fb9a03abb3
    content/45: 7a4101c7e3fbed2ceb3f61c4705b5c8c
    content/46: 27a9059b43f8ae7290781cbdcbb846ad
    content/47: 9537b567d5ecd8095b2743c739c4bcd4
    content/48: 2f752820b6e450b28a33c246ec475798
    content/49: 1a805fac6026c99dc6751d87c017ddf7
    content/50: fb630c2948b9fc3edd6cd158ef670c74
    content/51: 01a341e4bcf853fa8df63bfdd77c91bb
    content/52: 56b7b4d307bc8c086d6d4533713f1df6
    content/53: 1a9e40dae7deb88c91ad7e728cae10bb
    content/54: 5f4c094cd0682c344cd64c64674e8a8e
    content/55: bb745114465d29ad21cc622a1c13e91b
    content/56: 81829f5fe9538b11a50bc60ffb933edb
    content/57: 5ad25fedff91cc2bdd66244570161536
    content/58: 5f71d45a398d268060fd1dc691f5e873
    content/59: 38b96aebaae8ffbf3f1508413382f09f
    content/60: 5f8a7c187ddb319ba79fbc9cafa86fcb
    content/61: 952ad6164c30eb96c41eb2db56cbf82b
    content/62: 7c85f702530087a5615a2b9e4a15b60a
  94a19e89069ce83c45cd996ed9f3b3b3:
    meta/title: 3554b95b8b9d728103bfe260f0dc8573
    meta/description: 032094c8c0594e18f65444a77f358236
    content/0: dab9f75a133dd96fdca2ac39b933e802
    content/1: 5694acd315d1c852478b101237803239
    content/2: 31aa066533b6af1675f42ba7a42eeb8e
    content/3: fea8db3c0f86be42da32876cca5b2fad
    content/4: 6c247699dfadc04fdeb52ad2364763c8
    content/5: 9a03784aa746c7982db9b921c5924d25
    content/6: fc25bb405fd91d0411c179a2ef70144a
    content/7: 4c38c3c073c42d931f93bf97c16b01f2
    content/8: f384904f44512d423bd28b9f71669123
    content/9: ad9d825f9d3266620b7d470c236f4faf
    content/10: 3d468d8800e698ed251a4842b22685df
    content/11: ca38be245f2a51f3a56269b1ce73d2c5
    content/12: 42ce3599420c26af527c9019fbb6f576
    content/13: e9947cd2ddd0051ecbc5e131958dd78d
    content/14: 450ad7f99b79b12599856f813b9ef758
    content/15: 7cda831e599d66904392ea107c0c5797
    content/16: acc6a0a0076dd095bd296d2a5c722891
    content/17: c096ff1233fbf70fa8c747d382128db8
    content/18: 52765a7f2016be61a1a07ea1f4915252
    content/19: 3c973fb75246770135ed47c5d5210979
    content/20: 67614f6a0e7c97b73050ad8f9de0b113
    content/21: 95459d36e3c87e21a64a1b3f73e0dd57
    content/22: 4203ea3b75616c17cc9e7c116a0546c1
    content/23: 12225265f3874ce2a211bf26c6e60022
    content/24: 1e5c084c327c9eb0011267096df832ee
    content/25: 4fcd60ac979c7280707d89236e1af838
    content/26: 341cc2b59cae08cba544102ef9f55bc6
    content/27: 7d283534ce2c0a8183dc54208d003c09
    content/28: 9dfeddf1b442b6eee206f2000c49efa3
    content/29: ba89e6369e961a08f26da2b9fc17f165
    content/30: bf2316936c4bb024a3cac1d5ec4193bb
    content/31: 11a5918285522aac6c4a9ebe0323c36c
    content/32: d0c490f28ca8b5b24b05ff7a881c8628
    content/33: bbead4aa3d3be85f1b6bdb4852d7bb3f
    content/34: 1c6ec12f62282bdde3150ea11f55d5d3
    content/35: d679c4df434c1684b4a1967d48c2c1ed
    content/36: a8f0eee86580968a75009565102c1af1
    content/37: 5e796df68c65a5b06608da7ac41c1ad8
    content/38: 77296e9b8611ee4cf4c90385e62bd1af
    content/39: a75634187fe17d4a051f71f2ac61723c
    content/40: 4f79facc458b9ffa7cc6f93ae63bde27
    content/41: dca5208e2c2463dd811f9a9793b2f4a9
    content/42: aae63d8bf6b6da4ac6fb501e13691e4d
    content/43: f560051b30ce163ecec8d9180bcdfc13
    content/44: ebae67eea2d3fc94868d0bfde66fca2b
    content/45: 2b06e175ab9501fa1c44e39d22f58ff7
    content/46: b97e8c71da0319b0cdb82ec694243c92
    content/47: 5c83adf047131e3a1c544e0a11de5e45
    content/48: 5cc3fa9aa21444c684a59ae865e1c9fc
    content/49: 97cae737792245f39d730ca18077529d
    content/50: 450ad7f99b79b12599856f813b9ef758
    content/51: fbe0958c1e3d2b079bf43e7e1cf6a5c5
    content/52: fc6f8758b488241ac0fc7bbd4e45ffd6
    content/53: 47fc29fdd8b3ab006c4012ba85b19ce4
    content/54: ad809f87a3e384b4a3971d478ac42f50
    content/55: 623d40dc1cfdd82c4d805d6b02471c75
    content/56: 316981769280dfa098021158de71c05d
    content/57: 612229dd637522db6fba9e47960edaa1
    content/58: 60d9518d13d7a153e0b81e9e74ee0942
    content/59: 248d25bdece9a317ca87b29d3e15aae1
    content/60: 65e75f2330606d8386c97f8b1e811e01
    content/61: a2701a20360a97aa1a7d049e5fdd6533
    content/62: fa3dd2e3b0e2595c33168ffde1335e36
    content/63: 10c4349e72b735fd1f3c8f957e942dee
    content/64: 697c91d94179aa269a98830ed16a9e77
    content/65: 84e530a9f45c8ab0fba2ded4eee555ed
    content/66: d83004ee80ff8edf696dcab6fb95a412
    content/67: 96d529c052f6a30933302d27d2f027fe
    content/68: 0b27705980a728382773118d857b76a5
    content/69: ab09d741330f2ec676f611ce5763baf8
    content/70: 9fa6f20fc138cf4f3077e6bf63703e5c
    content/71: b7170c160a15dee5725799712bab09cc
    content/72: 3642d9c15fa8c11df518b3256fbaecbb
    content/73: 74143a4a11f128be3cf117f9908b632b
    content/74: dad3108b4e73ee4ca9c89eba56c3d08e
    content/75: 040aabb765e0cf86a7f12fe8f11bd0f7
    content/76: c2cef2688104adaf6641092f43d4969a
    content/77: ed1f1bb32a39f9aba5ba482bbabee72e
    content/78: 66772d67f200cae5cff1988f344522ca
    content/79: 237fd7bf6bb66dc8fdda41b2e337e67f
  cd89e8f423c982b2dc997bfc050e4674:
    meta/title: d76272af73eb41187024ce7ce3e77cde
    meta/description: d4a3413d251f10ae6dcc9cf7826d3179
    content/0: aac42a2edf55b04fdf2dbd97780357e1
    content/1: bee16ff8a0da0dfcb9e6d27ba40178e7
    content/2: 06bb238dd09711839b9d2999c791d8cd
  bc1d2eb8a42a73a3d7f0b3a8445f20a1:
    meta/title: 993ccb3b1c3778c6908cb580106a405e
    meta/description: 01199f70a72410fa70acb78c66db3eb1
    content/0: be7162284e90f0d8c45943991053415e
    content/1: 8a4672622deb2597cf1a9d9e283c5657
    content/2: 2aaa08b51d8d294bb482aa764dd00ccf
    content/3: 5e26527ccf8fddebe14c951e6c950b48
    content/4: 8fcd5536ce4c6ff484897b36358e1d79
    content/5: 51adf33450cab2ef392e93147386647c
    content/6: 48361e78de327edccd0c2d8c6c4a5494
    content/7: 487478ea6778900427f7e3932467aaa8
    content/8: 0eaf3e98c08bae3558a3b6fb840b5ce6
    content/9: fff0e62a8a7ba8472dd8a0673cf8c5ce
    content/10: 8badc653fc226ab9ccc8866e91dd074e
    content/11: 51adf33450cab2ef392e93147386647c
    content/12: 391128dee61b5d0d43eba88567aaef42
    content/13: e0d485ee5f2fc03b5790deb404a42a29
    content/14: bff780eea700e1f78c18166c1224e86e
    content/15: fb602b180be9995e83638a55135a4e16
    content/16: 51adf33450cab2ef392e93147386647c
    content/17: 756c73cf51f3ed71b9648f7984b1c38a
    content/18: 1a5f7832f96caacf8caff288aa13d7c8
    content/19: a800c6fe2432765dbf1deb6cbd03a28e
    content/20: b6dc7b5ace73d4d4763473d36e6b77cb
    content/21: 17b57b31d68c18e44445cd607aaf770e
    content/22: 22c25f2e8e001aad3da7dbed67b9a005
    content/23: 1e9a090b0cc56c97520d2bdbd0cbad04
    content/24: 51adf33450cab2ef392e93147386647c
    content/25: ae7a0eb987677eca015b13819c85a41a
    content/26: 66aba0d5da087c175d50de0be01ce7c8
    content/27: 601d788ddbea5f5e43758bdbc4171045
    content/28: c23d020ebabf98eeebe8d771b5379e22
    content/29: a273a0d148583deee2d772eef84feefc
    content/30: 3582a175a68e2d451cc2f43a17a5b172
    content/31: f771a5cee343b1c45ccc718535d0920d
    content/32: ddd55ec345b27dbbee7bd2b612ec9dda
    content/33: e2d855f822adba53805d15bf54c81277
    content/34: d89730d937dd94a84940fd7b1c070b53
    content/35: 83dac38d619d8a89ad0915c07abc473e
    content/36: f513be5825ed052bb3206e4df7b0c7d6
    content/37: 51adf33450cab2ef392e93147386647c
    content/38: 25a1b72566f3e553b2207d4e02af0f7d
    content/39: c2271902d7d29f932b386ca0054f1ff6
    content/40: 51adf33450cab2ef392e93147386647c
    content/41: 623d40dc1cfdd82c4d805d6b02471c75
    content/42: aa71f5b4fcb3a9546128621c7ffb9e2f
    content/43: 6424c2dd9fb8380e3eb9d8d6ef7297f5
  22e54835fa88edd46a6e1a2f424d26e8:
    meta/title: bee29331927c133e1bd683782eac0b63
    meta/description: f6a7ce7067217b2a38d68983165089f1
    content/0: 12affe614f7ce763d8ba7ea2ce3fa0cc
    content/1: 341ff316a339b106a178f0b8d362951b
    content/2: 57060de158c15603769f46cf650c2ecb
    content/3: 4fe17db4a07e3125e4d1a4b8946f6e72
    content/4: 278c8ff892f265e3e925879c7aa762a2
    content/5: e5ae37b0a4f9be2577d1b7b70d1557de
    content/6: 2a2518a6b81e50ec206d5e6c9d83c4eb
    content/7: b0a4bb90397c428aa2e82da0ab3af52f
    content/8: 278c8ff892f265e3e925879c7aa762a2
    content/9: 04828e1e6a601381733872ade75e4dc6
    content/10: 2a2518a6b81e50ec206d5e6c9d83c4eb
    content/11: dbe20bde813b9fb6713f16cf8384df2d
    content/12: 00ba354b5fa49af8b607e63093708bf6
    content/13: 278c8ff892f265e3e925879c7aa762a2
    content/14: 2861f5842cdd86173cca6db3f676ad46
    content/15: 2a2518a6b81e50ec206d5e6c9d83c4eb
    content/16: 86a4a4bcbfd18863eea5a9084123bba4
    content/17: 278c8ff892f265e3e925879c7aa762a2
    content/18: 4dd1a9fe82c1a273d7c8326f0aad3336
    content/19: 2a2518a6b81e50ec206d5e6c9d83c4eb
    content/20: c262aec2b3488f579ab2bf3fca82f184
    content/21: a1c225be3b4cc9d91546900bd19e4343
    content/22: aae63d8bf6b6da4ac6fb501e13691e4d
  f5cf61cfd4cf2b785bc0509d37d3e2b0:
    meta/title: cef88cbc94e6df7904cfb45e2249f5ef
    meta/description: 255a9c4f8475bd27ed9658672488c6a8
    content/0: f7fb1c0fe49d6e1ec920dc95321333e4
    content/1: 9f2fa160b82c41b167bb9002c0ae73bd
    content/2: 25a1b72566f3e553b2207d4e02af0f7d
    content/3: 02bde261c601a85ec9a2b1364b09b466
    content/4: 3e42b6fd0821e92ef8d8548bf236735a
    content/5: aa185dc95dbc164a98cc8b917b330869
    content/6: 4823775c5e1761754746a7bbd5486a1f
    content/7: 5021229d844e349cd097c5f76dbd6a37
    content/8: 066bec4e706d8ec2dd9a3687bb974f09
    content/9: 5276c87bcd7b86192b75dda46649e11a
    content/10: 6b0727ec353f70bb379ab8ca80cfbc07
    content/11: 891af8ff82294247e2fbaa470df15838
    content/12: 5d45a7b96ddd727f98990d1039ad5267
    content/13: fa0bb993d9154f2d432069096b8d7a2e
    content/14: b61698761053e0cf661b4f17a6f47283
    content/15: 7db6d83d9e293efe75cbf04f2474df46
    content/16: e71973aaa469e301ac9d4eee79950ddd
    content/17: 296618ebaeb15416e5cbba88c43e09b4
    content/18: b405fe6cfa90bf0d0d3574bf5fb3cb4e
    content/19: 7405aae6c75f78a5ab4b38b84025d189
    content/20: dda23c65f53543cdbe0915c53a9ff472
    content/21: d7fd7cc88477cd35505eb9a73fcb5f73
    content/22: 37b06ca50569a89597139590fa839e8a
    content/23: 92103e5716e8b1518c379cdc78af5076
    content/24: 9c2e14ab3286879af7b76b4964e10f4d
    content/25: 8dbe115f87d65ed4fbc0c4505979b305
    content/26: 547c026de5b978044aa71dde41fb8fe1
    content/27: fa926d4d4f58ecbaad790c50c32796ae
    content/28: 278c8ff892f265e3e925879c7aa762a2
    content/29: 0dcc36526483feae37cacc3bad5cdb07
    content/30: d3c62aeb47b1bbcc15cac0dd310e67f9
    content/31: f47274e6a9a2a251bea5b8f3d69e7e22
    content/32: 98bed3be07080c5991710cdcb8379a81
    content/33: 2a2518a6b81e50ec206d5e6c9d83c4eb
    content/34: 7a3be8a3771ee428ecf09008e42c0e2e
    content/35: 05c3dbb1edd0aef91d98307a8a030271
    content/36: 52c3f8c4ac8b7ee789fe02296818a3af
    content/37: ffac540439d0e1ab71953f1e1799ca09
    content/38: aea3bdf7cc090851ac075ed4369de7aa
    content/39: 2da7fdfaed0d00931751b4e7189bcd4d
    content/40: 1e34e9e0e6456c41eed63290f730b521
    content/41: 83bcc95b5b54461b0d578ca5db99338a
    content/42: 343e835ffea0dfa421beef5be116fef4
    content/43: 9e9ac1d351fa3f1c6d560966c6d0fdc9
    content/44: e8496dcdb325c25900390c46be262eb9
    content/45: f6ccd68618a06a393ea45f88b1d72f37
    content/46: 4eaa67b8fa5994e83e4bb62b64b6d850
    content/47: 7a09b90a7bb153594075017cde5480f6
    content/48: d365fe2c74e131968e4324312165b1f8
    content/49: 278c8ff892f265e3e925879c7aa762a2
    content/50: 37adde09963a75d3c5099dd6661378ae
    content/51: 7346120c77c8b880af93aac2784cf449
    content/52: 2a2518a6b81e50ec206d5e6c9d83c4eb
    content/53: 96d529c052f6a30933302d27d2f027fe
    content/54: 867cb294c4f632b512f2fad517c3915c
    content/55: 44f47f3c90cdb10b6edb0da02a19405e
    content/56: 963338d3e9bc48778002ad4d8f83681b
    content/57: 5589424b52c14dc53b230ad74f9f3aa7
    content/58: b2a4a0c279f47d58a2456f25a1e1c6f9
    content/59: 7168ebb15887f0b17be96a6eb4c252a4
    content/60: 22cde2a31789716174438bcfe2ae8d3d
    content/61: 49541fd7ae4158625eb53ff65891b444
    content/62: 1aeebaada385e5555e85ef24a9a6a159
    content/63: fc471e04535a0c6afdff14b02793c660
    content/64: 5e7844115e26190dab83b04d02f2c3de
    content/65: e452a62a7b9864168e556598578ebb39
    content/66: c2cef2688104adaf6641092f43d4969a
    content/67: 5a2cc9c3160d7da8d3db2dd0b838d366
  b108ec9a5788aa762ef553a96b14e1f7:
    meta/title: 173186228c4adb0bd2470fa6f09fd0c0
    meta/description: ffcc491ec1f595a51d6f4c182f9fb181
    content/0: 2e2101818684a27386580644a7cedd10
    content/1: 4fe17db4a07e3125e4d1a4b8946f6e72
    content/2: 278c8ff892f265e3e925879c7aa762a2
    content/3: 26b189d2d8a2133e867f7c3cff642857
    content/4: 2a2518a6b81e50ec206d5e6c9d83c4eb
    content/5: 703a5bd983a84df7f48941d0aad60b89
    content/6: 278c8ff892f265e3e925879c7aa762a2
    content/7: 04828e1e6a601381733872ade75e4dc6
    content/8: 2a2518a6b81e50ec206d5e6c9d83c4eb
    content/9: dbe20bde813b9fb6713f16cf8384df2d
    content/10: 278c8ff892f265e3e925879c7aa762a2
    content/11: e1e1cc73d7b55769277c76511f35fece
    content/12: 2a2518a6b81e50ec206d5e6c9d83c4eb
    content/13: 8bf338483f73766b8fa8acfef92996b6
    content/14: 7cd85b453128501168b2d00b00808693
    content/15: aae63d8bf6b6da4ac6fb501e13691e4d
  7aab96188f01707c77f6171c3a2a758e:
    meta/title: 0a63723ac6ac4ca920b7b52c895ed9c6
    meta/description: f942f9e22a9c51f56138f0da1974e314
    content/0: ccbf242362a0404501b692d1a9500802
    content/1: 4fe17db4a07e3125e4d1a4b8946f6e72
    content/2: 278c8ff892f265e3e925879c7aa762a2
    content/3: 94e6ead31d0771c203604edd8818d9b7
    content/4: 2a2518a6b81e50ec206d5e6c9d83c4eb
    content/5: b0a4bb90397c428aa2e82da0ab3af52f
    content/6: 278c8ff892f265e3e925879c7aa762a2
    content/7: 04828e1e6a601381733872ade75e4dc6
    content/8: 2a2518a6b81e50ec206d5e6c9d83c4eb
    content/9: dbe20bde813b9fb6713f16cf8384df2d
    content/10: f5db7541f6d19293495ace7097ce0b4a
    content/11: 278c8ff892f265e3e925879c7aa762a2
    content/12: d23cef8112cb55d464da564bfc9eb34c
    content/13: 2a2518a6b81e50ec206d5e6c9d83c4eb
    content/14: 76192636c3a38cfc4430a514e3818604
    content/15: 278c8ff892f265e3e925879c7aa762a2
    content/16: e672ac512634c1bff8b01419d9759a1f
    content/17: 2a2518a6b81e50ec206d5e6c9d83c4eb
    content/18: 8bf338483f73766b8fa8acfef92996b6
    content/19: 988dd74c912b54e3b7675be3520887dc
    content/20: ad9bbaf42f2b319fe6e4667e3191623a
    content/21: 91c326d01cd79e2c82010cbf1316937d
    content/22: f5ab30e7910345ee0391af580cd77d94
    content/23: 76314c02bfaaad3eca26ad294ef0148b
    content/24: 8597fb4f48cb4a51b2d915ccb0abd003
  e0ab20c3e244a94902c1adfd57e79a74:
    meta/title: 46c86d62f49498de9ce2bb1e5720dd8c
    meta/description: bff290fc23a4613fb2191101ef23c610
    content/0: 940323abb52c72263a6fadfab9b139a5
    content/1: f090fb985dfad855e174d6b437d6897d
    content/2: 7b73d4647050b532c2ff3634d4233a29
    content/3: 4823775c5e1761754746a7bbd5486a1f
    content/4: c17ca99909ebd38eece14929d004f718
    content/5: 278c8ff892f265e3e925879c7aa762a2
    content/6: 04828e1e6a601381733872ade75e4dc6
    content/7: 2a2518a6b81e50ec206d5e6c9d83c4eb
    content/8: dbe20bde813b9fb6713f16cf8384df2d
    content/9: 32e5c360368d361737283591130e91dd
    content/10: 278c8ff892f265e3e925879c7aa762a2
    content/11: 8f7d79ccacf02f042925a989007fce5f
    content/12: 2a2518a6b81e50ec206d5e6c9d83c4eb
    content/13: 96f47268fbf88a9f0e7560838a76dc41
    content/14: 589b66991676bb25ddd0931f78a72c07
    content/15: aae63d8bf6b6da4ac6fb501e13691e4d
  ea5d30437bdeba684246350b5c82a0d5:
    meta/title: 30c54e4dc4ce599b87d94be34a8617f5
    meta/description: 74e2f8e7970f4e2b1642a34b63938de9
    content/0: adf92003ebd99caca9ebc859a1d32da6
    content/1: 08ed96495a4c9c1755e8cd56a75fd002
    content/2: 01608602ea49e4e76008c572beb8f50f
    content/3: 23a2ca311b7ec2737058219bdc5ea9aa
    content/4: 1f18f86f38f13320817ea97e76d1762e
    content/5: 15bb37ea465616027b72c9a2d9b9a1de
    content/6: ea6812aa3ca722d8e1c38718b2b6ebc4
    content/7: 1c441bfcc08d82016d72e8d6fb43599e
    content/8: 73f72801e03991d207b2935469c89c2a
    content/9: 4fd66c343aa983b51c6e2036f94ac00a
    content/10: b1c1136f795438e601e4da11d553aa2c
  d041a297ca7ce735000d6be6fc43e519:
    meta/title: 944521eeeed2511833d2299931273c71
    meta/description: bb28cbf7e7d60f90f0232fecc8d1d0e8
    content/0: a261c0b19e4f36f9c630851b12bcd3e0
    content/1: d7bdef17507d2268b990c3b949a97742
    content/2: e2fdee9218ea62e847ff877e0775123c
    content/3: 4f9816f8323b217e68ed419aee19ece0
    content/4: 959a9c516aa6ec8fa0e484df98f34e84
    content/5: 8ae6b22bf9438909bb418fa34ac883b2
    content/6: ab3fcf25031c1476673dd20395321e51
    content/7: 5c6f4056de068028f3ce45c5b476ab62
    content/8: aab3e12c5797f09fd0be13fb25ae6747
    content/9: 30e566a7cda7b9375920d1134d2412d1
    content/10: 3a00efd457b01f610250031fcbf16962
    content/11: 92ef1599d2164053f6e75b46325381ea
    content/12: 14085fd314aca6df64f5fc20e1d34358
    content/13: 7a451aee1061c1cf2a4108f13acbafff
    content/14: 30e27e901c0d7503e593b03a52427f9b
    content/15: 2c669b71bbd6f3d3984eb68a371fe16c
    content/16: 2b75c1f49bbdc04e770995f83373205c
    content/17: ec4dbfb1863176df5045e6bff5fe3dd6
    content/18: 07e1789bdb87a578382aa0b7fe876b51
    content/19: b42149fd562c33e55a37e3190a8689df
    content/20: 0c7708c9e459c639808af3e41ae92003
    content/21: 99c114e6ae24f58432fc687a0b85faf5
    content/22: fc471e04535a0c6afdff14b02793c660
    content/23: 4d7dfc9540c63afc577ea914800e33f8
    content/24: 7d0c9e9f5f4f100b5a710c632e1d8ddb
    content/25: 542c6ea7bcff4bf71a304519b8349581
  5a24a8254a8f86f372f56fbdd1301eb5:
    meta/title: 434e53509b876b471243d9afab0b0d1a
    meta/description: b4968568dbb6ed9150724af72edf6991
    content/0: 4f007b9d47d6183729546b2fb8fe54ba
    content/1: 3dcdf1514e7a697733d2b24edc66b2b1
    content/2: 5e26527ccf8fddebe14c951e6c950b48
    content/3: 627a36cdc00ffefa4a06de2c5ee8670c
    content/4: 48361e78de327edccd0c2d8c6c4a5494
    content/5: e3582602b2c8d02173d52208e7359bf3
    content/6: 425893ebed08d344e795343d647c724f
    content/7: 3a11928cdf437b078562b41c54713344
    content/8: bfa4f46ee90d5445bcfba58c5a99598f
    content/9: 4d22b27f55f8db62973e5e9ade9ab409
    content/10: ec6d2b96fd836145b7fdd1e0401bd734
    content/11: 3add376b8bd8e974b3efbb65beaf956d
    content/12: e74c98bac989a9605f994f76020125c5
    content/13: 86d791928438c13b8d4771b5b467b9cb
    content/14: 1e51ca72d54bddcd3cfd17fd88b490c2
    content/15: 6048846e19bd76c2f15904e050a710c4
    content/16: 2b65adc1ab978605f46c68a4bf7a8a37
    content/17: 5edcba3cf77631946a96f405a3462240
    content/18: b4c8628d30a46ff76b5fbaf202f8d8bf
    content/19: 7b3bfc2d69bc56a6c3a6ac3c6c4ffd47
    content/20: e67c56bbe60b430628ace8b1dc1dc021
    content/21: ee308ebbc9f0130460b4a03d30851751
    content/22: 7ba2813b3cbbcfee8e1da1e71146ae8d
    content/23: 727038b547b656fcd793f71ec310ed43
    content/24: 5dcc125d8ba5661f40833b05062a50ad
    content/25: 974f365d8a2346282c89973107cd62a7
    content/26: 1fe2ebc65738ec4a29ff40a7b17a81a4
    content/27: ada2cb126f08d1eb8ad0984a5509b39c
    content/28: b435fd4ffa9662cff7891b175f3a7d28
    content/29: eb7bc445f64badc1a5a0237584ecef12
    content/30: a0b5a3bb1ec98dccbeeb9c6c318e5762
  42cfee4e688c13af4ade96beb7105c66:
    meta/title: cbc9f7b0adbbec86e8e65e90c1618296
    meta/description: 22eb57278daaf70f8bc52a128ebbbeed
    content/0: 7781b5970e5dd919fadf4c857c372925
    content/1: 69a7fb4edeb47a279819843c71cde2d5
    content/2: bda4380e61f01d2f36b324b10cdd5a6c
    content/3: d0a93f3bccb6e79f4995dc8dc88da3d1
    content/4: 6fb8b98618afc4ae9c7cefe725c4927f
    content/5: df745b26ca7e811ab6014af222b385b6
    content/6: 8fab4ed13446b1328d3e8ca2dd15a4ee
    content/7: 3cc8268c68641abb13cff81c4039b565
    content/8: 2607538b0eb3b9a23b0eead8ff26410e
    content/9: 155eccfc0018b85afde3cfa792a9b311
    content/10: 3d9a14aaebc1ec4d60e7b77f0e6010cd
    content/11: c5397dba93e26ef6604539842bfe5e84
    content/12: 7b170e4e9d6f97dcadfef67bf88d12ed
    content/13: 7757c0bd55cc9d0fbb88ad8388af92a4
    content/14: 94b4112504c1f83b763f92bd5e647749
    content/15: 316d16a85178b8b4a1401180a2aad18a
    content/16: 0217f19f72dccc141a2e486e9358870a
    content/17: 7bfde364c7bc7e010a04ca7f4e490d29
    content/18: 7f581544b0cdec3ff936566995488dd6
    content/19: 278c8ff892f265e3e925879c7aa762a2
    content/20: c8944666b5d7574e548f7ee2dbff05a8
    content/21: 160bc59b7ddae83dd0b8ddcd44225a5c
    content/22: 2a2518a6b81e50ec206d5e6c9d83c4eb
  7f1339804a38a18fbbafdb1e831e10e3:
    meta/title: 49a5d57c122e4dbd83c804d9da949918
    meta/description: 951d05996f124e0ef8a9e2aa65a81bec
    content/0: f955ce3f7328130976bbf1a4e85c7d7e
    content/1: 7fbd597481c70537f90a13d837c9b93e
    content/2: 7bcf0dec3da85493037a1c797bcbfedf
    content/3: 7185cba19d8b5b404bd3db15b0467a01
    content/4: dbaedaa809c1df98f88e187e6e634468
    content/5: b5a2e7f6a70b2b0fcbc90690f7f28c70
    content/6: 23e8d3b6efdc44b8826678814e7c1488
    content/7: bf3e101f9111e6eac90729e62ff8c51b
    content/8: 0a473e467deaedc5e9902827131bbc6f
    content/9: 2bf60c6b2b7af1462ea3ca467b350fb0
    content/10: b0df8ca0eabe25a894b36f40346a6bb7
    content/11: 0d9d4654363a7d1fda96ad03778cfdd9
    content/12: 6adec9e7ecf7224457032feaa38620f7
    content/13: 029eb22efd2e2ba4714b9416f1209b75
    content/14: 0264f8b0d0a7deae2d25a1e6c1dd5041
    content/15: 83f51541008f669861a1fdc098a40cb2
    content/16: 92fcddf47411ad09560bb2eaa33e4eef
    content/17: 453affdb9e64d0668fdd30f6b4dedf48
    content/18: 6052efddf33625913482b5cd786ff813
    content/19: 59c364b913155d14ef8abcb5cf61ea49
    content/20: d4245018fb488404f4147e9045263f3d
    content/21: b217e615aeabf297db67fdba92185936
    content/22: 278c8ff892f265e3e925879c7aa762a2
    content/23: 2ea8ee77a08d6d1125773943e50e438e
    content/24: 32e3cf4e11f56214134184d59caa265b
    content/25: 2a2518a6b81e50ec206d5e6c9d83c4eb
  13a011eb07f336087c8ccf453bea2647:
    meta/title: fa8817f12be63fbbebd49f0cb7b3e57a
    meta/description: 5a49f819bd72d4ccdd24807b8da9142d
    content/0: bd37dfcb47c55a7c2483b7ab9d93c75d
    content/1: 2c56d873d399bcae8be545b33fc7ea59
    content/2: 5a12c89fdc81ab9fae00f885efc7480d
    content/3: f6011b62d7f16535c6bdd91bdffdbab4
    content/4: dbaedaa809c1df98f88e187e6e634468
    content/5: 74a9225e3ad0353f0507eeed022f6103
    content/6: 23e8d3b6efdc44b8826678814e7c1488
    content/7: 8c4fc4bbd1ae53505bd496de7810ec0a
    content/8: 0a473e467deaedc5e9902827131bbc6f
    content/9: 8c42febfb5568b8e733ef837453d856f
    content/10: b0df8ca0eabe25a894b36f40346a6bb7
    content/11: 235cc9a5208c301c229b92292df6be3e
    content/12: e4db1bef2c0936bf6f95fd37280c069a
    content/13: e3f4070321f6b2dbb4c02a24b804b1bd
    content/14: 39080db824a998ed90cfb335b360818c
    content/15: 2f5c48818879e53aa6eff081b7c2c41b
    content/16: ed3d1abaf788fa027f094dae9995da7e
    content/17: d4245018fb488404f4147e9045263f3d
    content/18: 9bb7fa793f928437344efeb4ffc11141
    content/19: 278c8ff892f265e3e925879c7aa762a2
    content/20: eea20fd853939f13708f27afde5bdabe
    content/21: fb54f7b5c220c7b1ee68097e5a234eec
    content/22: 2a2518a6b81e50ec206d5e6c9d83c4eb
  5592674a299cff28cf89978a799b814d:
    meta/title: c71fbc8097c98dff92b60ae520c08c50
    meta/description: 2de59ae6f88b621fff7fc48a78dea74f
    content/0: 12618294cfb59d13223f3885d5890bb7
    content/1: 65839e2310020a0604aeba1654c8b676
    content/2: 069d34e532558ee3f072c5bd76f7cd4a
    content/3: c6b3787bca86850859eef4740df61f2e
    content/4: 2d53da06508eb88dc6c6f36819428994
    content/5: abe9e9392794a6cbabc7966f81bc5e66
    content/6: 878738c7e4cee4a19f971808b668094f
    content/7: df1fb5eebbb0dda9ad7f847d65c8a04d
    content/8: e32da297ca990106533e2f836ff05f46
    content/9: 4145600a64c54f0b70532ffa0eaa7b52
    content/10: 8ea0c5b834f32361d38bce0db04a6603
    content/11: 01ef366086ad2c7d4ea9635b3dc7e217
    content/12: 01d7252f03a0cceb7dedcd87e3bdd266
    content/13: 846f72072dacb99493d6d5cc0330117d
    content/14: 278c8ff892f265e3e925879c7aa762a2
    content/15: 0699b34a859a6ff0373f22e8fd48d654
    content/16: cd03fd69739b0ed39da084583ceea98a
    content/17: 5b68cce08027c589f3c15b5687e8f0b4
    content/18: 0ff0cfed2a22c5b39f3820a284bf2475
    content/19: e32da297ca990106533e2f836ff05f46
    content/20: 67212f840218ea5046a74eac2903155a
    content/21: a58f458f4c8b965c78d892dd21b360d4
    content/22: 981129824175ef09258a28c37bbd0bbf
    content/23: 846f72072dacb99493d6d5cc0330117d
    content/24: 278c8ff892f265e3e925879c7aa762a2
    content/25: 1c03a9d947d301a018bf5443b738442a
    content/26: 5685fb6d74bf26ea50b61b546545440a
    content/27: b4011618c347222b1f296b6bbc3566d0
